
Microsoft Visual Studio Solution File, Format Version 12.00
# Visual Studio Version 17
VisualStudioVersion = 17.1.32328.378
MinimumVisualStudioVersion = 10.0.40219.1
Project("{8BC9CEB8-8B4A-11D0-8D11-00A0C91BC942}") = "AVL TreeMap and TreeMap", "AVL TreeMap and TreeMap.vcxproj", "{F1B9488D-A9BD-46E7-B14D-CD6AC4880873}"
EndProject
Global
	GlobalSection(SolutionConfigurationPlatforms) = preSolution
		Debug|x64 = Debug|x64
		Debug|x86 = Debug|x86
		Release|x64 = Release|x64
		Release|x86 = Release|x86
	EndGlobalSection
	GlobalSection(ProjectConfigurationPlatforms) = postSolution
		{F1B9488D-A9BD-46E7-B14D-CD6AC4880873}.Debug|x64.ActiveCfg = Debug|x64
		{F1B9488D-A9BD-46E7-B14D-CD6AC4880873}.Debug|x64.Build.0 = Debug|x64
		{F1B9488D-A9BD-46E7-B14D-CD6AC4880873}.Debug|x86.ActiveCfg = Debug|Win32
		{F1B9488D-A9BD-46E7-B14D-CD6AC4880873}.Debug|x86.Build.0 = Debug|Win32
		{F1B9488D-A9BD-46E7-B14D-CD6AC4880873}.Release|x64.ActiveCfg = Release|x64
		{F1B9488D-A9BD-46E7-B14D-CD6AC4880873}.Release|x64.Build.0 = Release|x64
		{F1B9488D-A9BD-46E7-B14D-CD6AC4880873}.Release|x86.ActiveCfg = Release|Win32
		{F1B9488D-A9BD-46E7-B14D-CD6AC4880873}.Release|x86.Build.0 = Release|Win32
	EndGlobalSection
	GlobalSection(SolutionProperties) = preSolution
		HideSolutionNode = FALSE
	EndGlobalSection
	GlobalSection(ExtensibilityGlobals) = postSolution
		SolutionGuid = {0F230D9B-376E-4CC1-8720-F92144A2EE24}
	EndGlobalSection
EndGlobal
